
Microsoft Visual Studio Solution File, Format Version 12.00
# Visual Studio Version 16
VisualStudioVersion = 16.0.30002.166
MinimumVisualStudioVersion = 10.0.40219.1
Project("{FAE04EC0-301F-11D3-BF4B-00C04F79EFBC}") = "Kanbersky.Sms.Core", "Kanbersky.Sms.Core\Kanbersky.Sms.Core.csproj", "{8B3C031E-8838-4EC0-A484-FBFC40C88331}"
EndProject
Project("{FAE04EC0-301F-11D3-BF4B-00C04F79EFBC}") = "Kanbersky.Sms.Business", "Kanbersky.Sms.Business\Kanbersky.Sms.Business.csproj", "{AEA4B886-0BC1-4623-988E-3DA30167CE5A}"
EndProject
Project("{FAE04EC0-301F-11D3-BF4B-00C04F79EFBC}") = "Kanbersky.Sms.Api", "Kanbersky.Sms.Api\Kanbersky.Sms.Api.csproj", "{96F5324E-F2ED-4BAE-8CDA-FC975F3D9E67}"
EndProject
Global
	GlobalSection(SolutionConfigurationPlatforms) = preSolution
		Debug|Any CPU = Debug|Any CPU
		Release|Any CPU = Release|Any CPU
	EndGlobalSection
	GlobalSection(ProjectConfigurationPlatforms) = postSolution
		{8B3C031E-8838-4EC0-A484-FBFC40C88331}.Debug|Any CPU.ActiveCfg = Debug|Any CPU
		{8B3C031E-8838-4EC0-A484-FBFC40C88331}.Debug|Any CPU.Build.0 = Debug|Any CPU
		{8B3C031E-8838-4EC0-A484-FBFC40C88331}.Release|Any CPU.ActiveCfg = Release|Any CPU
		{8B3C031E-8838-4EC0-A484-FBFC40C88331}.Release|Any CPU.Build.0 = Release|Any CPU
		{AEA4B886-0BC1-4623-988E-3DA30167CE5A}.Debug|Any CPU.ActiveCfg = Debug|Any CPU
		{AEA4B886-0BC1-4623-988E-3DA30167CE5A}.Debug|Any CPU.Build.0 = Debug|Any CPU
		{AEA4B886-0BC1-4623-988E-3DA30167CE5A}.Release|Any CPU.ActiveCfg = Release|Any CPU
		{AEA4B886-0BC1-4623-988E-3DA30167CE5A}.Release|Any CPU.Build.0 = Release|Any CPU
		{96F5324E-F2ED-4BAE-8CDA-FC975F3D9E67}.Debug|Any CPU.ActiveCfg = Debug|Any CPU
		{96F5324E-F2ED-4BAE-8CDA-FC975F3D9E67}.Debug|Any CPU.Build.0 = Debug|Any CPU
		{96F5324E-F2ED-4BAE-8CDA-FC975F3D9E67}.Release|Any CPU.ActiveCfg = Release|Any CPU
		{96F5324E-F2ED-4BAE-8CDA-FC975F3D9E67}.Release|Any CPU.Build.0 = Release|Any CPU
	EndGlobalSection
	GlobalSection(SolutionProperties) = preSolution
		HideSolutionNode = FALSE
	EndGlobalSection
	GlobalSection(ExtensibilityGlobals) = postSolution
		SolutionGuid = {30D2692B-392F-4D62-B3D5-EB0868DB7A34}
	EndGlobalSection
EndGlobal
